
Microsoft Visual Studio Solution File, Format Version 12.00
# Visual Studio Version 17
VisualStudioVersion = 17.8.34330.188
MinimumVisualStudioVersion = 10.0.40219.1
Project("{9A19103F-16F7-4668-BE54-9A1E7A4F7556}") = "Aqua", "Aqua\Aqua.csproj", "{07136DC1-5131-4785-96BE-5BF6AF6DEF29}"
EndProject
Project("{FAE04EC0-301F-11D3-BF4B-00C04F79EFBC}") = "DataAccess", "DataAccess\DataAccess.csproj", "{CAB95AA2-8D34-4924-9199-85B192FBBCF8}"
EndProject
Global
	GlobalSection(SolutionConfigurationPlatforms) = preSolution
		Debug|Any CPU = Debug|Any CPU
		Release|Any CPU = Release|Any CPU
	EndGlobalSection
	GlobalSection(ProjectConfigurationPlatforms) = postSolution
		{07136DC1-5131-4785-96BE-5BF6AF6DEF29}.Debug|Any CPU.ActiveCfg = Debug|Any CPU
		{07136DC1-5131-4785-96BE-5BF6AF6DEF29}.Debug|Any CPU.Build.0 = Debug|Any CPU
		{07136DC1-5131-4785-96BE-5BF6AF6DEF29}.Release|Any CPU.ActiveCfg = Release|Any CPU
		{07136DC1-5131-4785-96BE-5BF6AF6DEF29}.Release|Any CPU.Build.0 = Release|Any CPU
		{CAB95AA2-8D34-4924-9199-85B192FBBCF8}.Debug|Any CPU.ActiveCfg = Debug|Any CPU
		{CAB95AA2-8D34-4924-9199-85B192FBBCF8}.Debug|Any CPU.Build.0 = Debug|Any CPU
		{CAB95AA2-8D34-4924-9199-85B192FBBCF8}.Release|Any CPU.ActiveCfg = Release|Any CPU
		{CAB95AA2-8D34-4924-9199-85B192FBBCF8}.Release|Any CPU.Build.0 = Release|Any CPU
	EndGlobalSection
	GlobalSection(SolutionProperties) = preSolution
		HideSolutionNode = FALSE
	EndGlobalSection
	GlobalSection(ExtensibilityGlobals) = postSolution
		SolutionGuid = {2ADF1188-DC93-461E-8620-E2F358CB780F}
	EndGlobalSection
EndGlobal
